
Microsoft Visual Studio Solution File, Format Version 12.00
# Visual Studio 15
VisualStudioVersion = 15.0.27703.2042
MinimumVisualStudioVersion = 10.0.40219.1
Project("{FAE04EC0-301F-11D3-BF4B-00C04F79EFBC}") = "Rs232-01", "Rs232-01\Rs232-01.csproj", "{38AED47D-C93D-467C-B604-8BEB47B24599}"
EndProject
Global
	GlobalSection(SolutionConfigurationPlatforms) = preSolution
		Debug|Any CPU = Debug|Any CPU
		Release|Any CPU = Release|Any CPU
	EndGlobalSection
	GlobalSection(ProjectConfigurationPlatforms) = postSolution
		{38AED47D-C93D-467C-B604-8BEB47B24599}.Debug|Any CPU.ActiveCfg = Debug|Any CPU
		{38AED47D-C93D-467C-B604-8BEB47B24599}.Debug|Any CPU.Build.0 = Debug|Any CPU
		{38AED47D-C93D-467C-B604-8BEB47B24599}.Release|Any CPU.ActiveCfg = Release|Any CPU
		{38AED47D-C93D-467C-B604-8BEB47B24599}.Release|Any CPU.Build.0 = Release|Any CPU
	EndGlobalSection
	GlobalSection(SolutionProperties) = preSolution
		HideSolutionNode = FALSE
	EndGlobalSection
	GlobalSection(ExtensibilityGlobals) = postSolution
		SolutionGuid = {882EAA13-8F9A-4D99-95A0-5CDAA421F85F}
	EndGlobalSection
EndGlobal
